
Microsoft Visual Studio Solution File, Format Version 12.00
# Visual Studio 15
VisualStudioVersion = 15.0.28010.2026
MinimumVisualStudioVersion = 10.0.40219.1
Project("{FAE04EC0-301F-11D3-BF4B-00C04F79EFBC}") = "Web2", "Web2\Web2.csproj", "{39571FBE-CBF8-4205-8ABC-95DE87331362}"
EndProject
Global
	GlobalSection(SolutionConfigurationPlatforms) = preSolution
		Debug|Any CPU = Debug|Any CPU
		Release|Any CPU = Release|Any CPU
	EndGlobalSection
	GlobalSection(ProjectConfigurationPlatforms) = postSolution
		{39571FBE-CBF8-4205-8ABC-95DE87331362}.Debug|Any CPU.ActiveCfg = Debug|Any CPU
		{39571FBE-CBF8-4205-8ABC-95DE87331362}.Debug|Any CPU.Build.0 = Debug|Any CPU
		{39571FBE-CBF8-4205-8ABC-95DE87331362}.Release|Any CPU.ActiveCfg = Release|Any CPU
		{39571FBE-CBF8-4205-8ABC-95DE87331362}.Release|Any CPU.Build.0 = Release|Any CPU
	EndGlobalSection
	GlobalSection(SolutionProperties) = preSolution
		HideSolutionNode = FALSE
	EndGlobalSection
	GlobalSection(ExtensibilityGlobals) = postSolution
		SolutionGuid = {B5A46A3B-7A5A-4A58-97EF-CE0C10C94C1E}
	EndGlobalSection
EndGlobal
